
Microsoft Visual Studio Solution File, Format Version 12.00
# Visual Studio Version 17
VisualStudioVersion = 17.5.001.0
MinimumVisualStudioVersion = 10.0.40219.1
Project("{9A19103F-16F7-4668-BE54-9A1E7A4F7556}") = "myMath", "myMath.csproj", "{105AF622-0EDC-4EF3-8577-4D6DB6B8A434}"
EndProject
Global
	GlobalSection(SolutionConfigurationPlatforms) = preSolution
		Debug|Any CPU = Debug|Any CPU
		Release|Any CPU = Release|Any CPU
	EndGlobalSection
	GlobalSection(ProjectConfigurationPlatforms) = postSolution
		{105AF622-0EDC-4EF3-8577-4D6DB6B8A434}.Debug|Any CPU.ActiveCfg = Debug|Any CPU
		{105AF622-0EDC-4EF3-8577-4D6DB6B8A434}.Debug|Any CPU.Build.0 = Debug|Any CPU
		{105AF622-0EDC-4EF3-8577-4D6DB6B8A434}.Release|Any CPU.ActiveCfg = Release|Any CPU
		{105AF622-0EDC-4EF3-8577-4D6DB6B8A434}.Release|Any CPU.Build.0 = Release|Any CPU
	EndGlobalSection
	GlobalSection(SolutionProperties) = preSolution
		HideSolutionNode = FALSE
	EndGlobalSection
	GlobalSection(ExtensibilityGlobals) = postSolution
		SolutionGuid = {A8D27906-2B87-4CB5-9EB7-BAED0104D8E4}
	EndGlobalSection
EndGlobal
