
Microsoft Visual Studio Solution File, Format Version 12.00
# Visual Studio Version 17
VisualStudioVersion = 17.5.33106.23
MinimumVisualStudioVersion = 10.0.40219.1
Project("{9A19103F-16F7-4668-BE54-9A1E7A4F7556}") = "myMath", "myMath.csproj", "{50C4530E-50B4-4203-BBA3-F663ED9BC6C3}"
EndProject
Project("{9A19103F-16F7-4668-BE54-9A1E7A4F7556}") = "MathTests", "..\MathTests\MathTests.csproj", "{025B1850-096D-48E0-A99B-AC9C819651C7}"
EndProject
Global
	GlobalSection(SolutionConfigurationPlatforms) = preSolution
		Debug|Any CPU = Debug|Any CPU
		Release|Any CPU = Release|Any CPU
	EndGlobalSection
	GlobalSection(ProjectConfigurationPlatforms) = postSolution
		{50C4530E-50B4-4203-BBA3-F663ED9BC6C3}.Debug|Any CPU.ActiveCfg = Debug|Any CPU
		{50C4530E-50B4-4203-BBA3-F663ED9BC6C3}.Debug|Any CPU.Build.0 = Debug|Any CPU
		{50C4530E-50B4-4203-BBA3-F663ED9BC6C3}.Release|Any CPU.ActiveCfg = Release|Any CPU
		{50C4530E-50B4-4203-BBA3-F663ED9BC6C3}.Release|Any CPU.Build.0 = Release|Any CPU
		{025B1850-096D-48E0-A99B-AC9C819651C7}.Debug|Any CPU.ActiveCfg = Debug|Any CPU
		{025B1850-096D-48E0-A99B-AC9C819651C7}.Debug|Any CPU.Build.0 = Debug|Any CPU
		{025B1850-096D-48E0-A99B-AC9C819651C7}.Release|Any CPU.ActiveCfg = Release|Any CPU
		{025B1850-096D-48E0-A99B-AC9C819651C7}.Release|Any CPU.Build.0 = Release|Any CPU
	EndGlobalSection
	GlobalSection(SolutionProperties) = preSolution
		HideSolutionNode = FALSE
	EndGlobalSection
	GlobalSection(ExtensibilityGlobals) = postSolution
		SolutionGuid = {8881679F-1954-4B67-9AF8-051B9953C8CA}
	EndGlobalSection
EndGlobal
