
Microsoft Visual Studio Solution File, Format Version 12.00
# Visual Studio Version 17
VisualStudioVersion = 17.5.33106.23
MinimumVisualStudioVersion = 10.0.40219.1
Project("{9A19103F-16F7-4668-BE54-9A1E7A4F7556}") = "myMath", "MyMath\myMath.csproj", "{482A78CE-0132-4FFD-8AB3-FFECA6642DAD}"
EndProject
Project("{9A19103F-16F7-4668-BE54-9A1E7A4F7556}") = "MathTests", "MathTests\MathTests.csproj", "{5B573480-0C24-4151-B00F-1CD3688F10E4}"
EndProject
Project("{FAE04EC0-301F-11D3-BF4B-00C04F79EFBC}") = "MathXTests", "MathXTests\MathXTests.csproj", "{88632909-8414-4B5C-8893-CC1E9C169743}"
EndProject
Global
	GlobalSection(SolutionConfigurationPlatforms) = preSolution
		Debug|Any CPU = Debug|Any CPU
		Release|Any CPU = Release|Any CPU
	EndGlobalSection
	GlobalSection(ProjectConfigurationPlatforms) = postSolution
		{482A78CE-0132-4FFD-8AB3-FFECA6642DAD}.Debug|Any CPU.ActiveCfg = Debug|Any CPU
		{482A78CE-0132-4FFD-8AB3-FFECA6642DAD}.Debug|Any CPU.Build.0 = Debug|Any CPU
		{482A78CE-0132-4FFD-8AB3-FFECA6642DAD}.Release|Any CPU.ActiveCfg = Release|Any CPU
		{482A78CE-0132-4FFD-8AB3-FFECA6642DAD}.Release|Any CPU.Build.0 = Release|Any CPU
		{5B573480-0C24-4151-B00F-1CD3688F10E4}.Debug|Any CPU.ActiveCfg = Debug|Any CPU
		{5B573480-0C24-4151-B00F-1CD3688F10E4}.Debug|Any CPU.Build.0 = Debug|Any CPU
		{5B573480-0C24-4151-B00F-1CD3688F10E4}.Release|Any CPU.ActiveCfg = Release|Any CPU
		{5B573480-0C24-4151-B00F-1CD3688F10E4}.Release|Any CPU.Build.0 = Release|Any CPU
		{88632909-8414-4B5C-8893-CC1E9C169743}.Debug|Any CPU.ActiveCfg = Debug|Any CPU
		{88632909-8414-4B5C-8893-CC1E9C169743}.Debug|Any CPU.Build.0 = Debug|Any CPU
		{88632909-8414-4B5C-8893-CC1E9C169743}.Release|Any CPU.ActiveCfg = Release|Any CPU
		{88632909-8414-4B5C-8893-CC1E9C169743}.Release|Any CPU.Build.0 = Release|Any CPU
	EndGlobalSection
	GlobalSection(SolutionProperties) = preSolution
		HideSolutionNode = FALSE
	EndGlobalSection
	GlobalSection(ExtensibilityGlobals) = postSolution
		SolutionGuid = {9B6A611A-82BA-4015-96C3-712C7A3D88DA}
	EndGlobalSection
EndGlobal
