
Microsoft Visual Studio Solution File, Format Version 12.00
# Visual Studio Version 17
VisualStudioVersion = 17.1.32414.318
MinimumVisualStudioVersion = 10.0.40219.1
Project("{FAE04EC0-301F-11D3-BF4B-00C04F79EFBC}") = "MyMath", "MyMath\MyMath.csproj", "{7F83569A-B8A4-46DC-9916-6C50775DA75F}"
EndProject
Project("{FAE04EC0-301F-11D3-BF4B-00C04F79EFBC}") = "MathTests", "MathTests\MathTests.csproj", "{34F05DCF-D7DA-4CB1-BEB9-398FC119C2EF}"
EndProject
Global
	GlobalSection(SolutionConfigurationPlatforms) = preSolution
		Debug|Any CPU = Debug|Any CPU
		Release|Any CPU = Release|Any CPU
	EndGlobalSection
	GlobalSection(ProjectConfigurationPlatforms) = postSolution
		{7F83569A-B8A4-46DC-9916-6C50775DA75F}.Debug|Any CPU.ActiveCfg = Debug|Any CPU
		{7F83569A-B8A4-46DC-9916-6C50775DA75F}.Debug|Any CPU.Build.0 = Debug|Any CPU
		{7F83569A-B8A4-46DC-9916-6C50775DA75F}.Release|Any CPU.ActiveCfg = Release|Any CPU
		{7F83569A-B8A4-46DC-9916-6C50775DA75F}.Release|Any CPU.Build.0 = Release|Any CPU
		{34F05DCF-D7DA-4CB1-BEB9-398FC119C2EF}.Debug|Any CPU.ActiveCfg = Debug|Any CPU
		{34F05DCF-D7DA-4CB1-BEB9-398FC119C2EF}.Debug|Any CPU.Build.0 = Debug|Any CPU
		{34F05DCF-D7DA-4CB1-BEB9-398FC119C2EF}.Release|Any CPU.ActiveCfg = Release|Any CPU
		{34F05DCF-D7DA-4CB1-BEB9-398FC119C2EF}.Release|Any CPU.Build.0 = Release|Any CPU
	EndGlobalSection
	GlobalSection(SolutionProperties) = preSolution
		HideSolutionNode = FALSE
	EndGlobalSection
	GlobalSection(ExtensibilityGlobals) = postSolution
		SolutionGuid = {3CCF19CD-54FE-463A-83CE-30C8311C0C9F}
	EndGlobalSection
EndGlobal
