
Microsoft Visual Studio Solution File, Format Version 12.00
# Visual Studio Version 17
VisualStudioVersion = 17.5.33106.23
MinimumVisualStudioVersion = 10.0.40219.1
Project("{9A19103F-16F7-4668-BE54-9A1E7A4F7556}") = "myMath", "MyMath\myMath.csproj", "{482A78CE-0132-4FFD-8AB3-FFECA6642DAD}"
EndProject
Project("{9A19103F-16F7-4668-BE54-9A1E7A4F7556}") = "PlaywrightTests", "PlaywrightTests\PlaywrightTests.csproj", "{CBCCAA5B-B171-4635-83A5-BCEB985FD2CD}"
EndProject
Project("{9A19103F-16F7-4668-BE54-9A1E7A4F7556}") = "MathNTests", "MathNTests\MathNTests.csproj", "{CB4A0DB4-95FE-4D87-A0B3-4336A2A07DFF}"
EndProject
Project("{FAE04EC0-301F-11D3-BF4B-00C04F79EFBC}") = "myMath.Tests", "myMath.Tests\myMath.Tests.csproj", "{6CA0736B-91A2-49FE-AB57-08CA1E651140}"
EndProject
Project("{FAE04EC0-301F-11D3-BF4B-00C04F79EFBC}") = "MathTestsX", "MathTestsX\MathTestsX.csproj", "{620613E6-F141-46DF-8222-C79FABFE317E}"
EndProject
Project("{FAE04EC0-301F-11D3-BF4B-00C04F79EFBC}") = "MyMathTests", "MyMathTests\MyMathTests.csproj", "{16DE9644-D1AA-4CD7-8A30-C4C7816D427E}"
EndProject
Global
	GlobalSection(SolutionConfigurationPlatforms) = preSolution
		Debug|Any CPU = Debug|Any CPU
		Release|Any CPU = Release|Any CPU
	EndGlobalSection
	GlobalSection(ProjectConfigurationPlatforms) = postSolution
		{482A78CE-0132-4FFD-8AB3-FFECA6642DAD}.Debug|Any CPU.ActiveCfg = Debug|Any CPU
		{482A78CE-0132-4FFD-8AB3-FFECA6642DAD}.Debug|Any CPU.Build.0 = Debug|Any CPU
		{482A78CE-0132-4FFD-8AB3-FFECA6642DAD}.Release|Any CPU.ActiveCfg = Release|Any CPU
		{482A78CE-0132-4FFD-8AB3-FFECA6642DAD}.Release|Any CPU.Build.0 = Release|Any CPU
		{CBCCAA5B-B171-4635-83A5-BCEB985FD2CD}.Debug|Any CPU.ActiveCfg = Debug|Any CPU
		{CBCCAA5B-B171-4635-83A5-BCEB985FD2CD}.Debug|Any CPU.Build.0 = Debug|Any CPU
		{CBCCAA5B-B171-4635-83A5-BCEB985FD2CD}.Release|Any CPU.ActiveCfg = Release|Any CPU
		{CBCCAA5B-B171-4635-83A5-BCEB985FD2CD}.Release|Any CPU.Build.0 = Release|Any CPU
		{CB4A0DB4-95FE-4D87-A0B3-4336A2A07DFF}.Debug|Any CPU.ActiveCfg = Debug|Any CPU
		{CB4A0DB4-95FE-4D87-A0B3-4336A2A07DFF}.Debug|Any CPU.Build.0 = Debug|Any CPU
		{CB4A0DB4-95FE-4D87-A0B3-4336A2A07DFF}.Release|Any CPU.ActiveCfg = Release|Any CPU
		{CB4A0DB4-95FE-4D87-A0B3-4336A2A07DFF}.Release|Any CPU.Build.0 = Release|Any CPU
		{6CA0736B-91A2-49FE-AB57-08CA1E651140}.Debug|Any CPU.ActiveCfg = Debug|Any CPU
		{6CA0736B-91A2-49FE-AB57-08CA1E651140}.Debug|Any CPU.Build.0 = Debug|Any CPU
		{6CA0736B-91A2-49FE-AB57-08CA1E651140}.Release|Any CPU.ActiveCfg = Release|Any CPU
		{6CA0736B-91A2-49FE-AB57-08CA1E651140}.Release|Any CPU.Build.0 = Release|Any CPU
		{620613E6-F141-46DF-8222-C79FABFE317E}.Debug|Any CPU.ActiveCfg = Debug|Any CPU
		{620613E6-F141-46DF-8222-C79FABFE317E}.Debug|Any CPU.Build.0 = Debug|Any CPU
		{620613E6-F141-46DF-8222-C79FABFE317E}.Release|Any CPU.ActiveCfg = Release|Any CPU
		{620613E6-F141-46DF-8222-C79FABFE317E}.Release|Any CPU.Build.0 = Release|Any CPU
		{16DE9644-D1AA-4CD7-8A30-C4C7816D427E}.Debug|Any CPU.ActiveCfg = Debug|Any CPU
		{16DE9644-D1AA-4CD7-8A30-C4C7816D427E}.Debug|Any CPU.Build.0 = Debug|Any CPU
		{16DE9644-D1AA-4CD7-8A30-C4C7816D427E}.Release|Any CPU.ActiveCfg = Release|Any CPU
		{16DE9644-D1AA-4CD7-8A30-C4C7816D427E}.Release|Any CPU.Build.0 = Release|Any CPU
	EndGlobalSection
	GlobalSection(SolutionProperties) = preSolution
		HideSolutionNode = FALSE
	EndGlobalSection
	GlobalSection(ExtensibilityGlobals) = postSolution
		SolutionGuid = {9B6A611A-82BA-4015-96C3-712C7A3D88DA}
	EndGlobalSection
EndGlobal
